lockfileVersion: '6.0'

settings:
  autoInstallPeers: true
  excludeLinksFromLockfile: false

dependencies:
  node-fetch:
    specifier: ^2.6.5
    version: 2.6.5
  tar:
    specifier: ^6.1.11
    version: 6.1.11
  tslib:
    specifier: ^2.3.1
    version: 2.3.1

devDependencies:
  '@types/node':
    specifier: ^16.10.2
    version: 16.10.2
  '@types/node-fetch':
    specifier: ^2.5.12
    version: 2.5.12
  '@types/tar':
    specifier: ^4.0.5
    version: 4.0.5

packages:

  /@types/minipass@3.3.5:
    resolution: {integrity: sha512-M2BLHQdEmDmH671h0GIlOQQJrgezd1vNqq7PVj1VOsHZ2uQQb4iPiQIl0SlMdhxZPUsLIfEklmeEHXg8DJRewA==}
    deprecated: This is a stub types definition. minipass provides its own type definitions, so you do not need this installed.
    dependencies:
      minipass: 7.0.2
    dev: true

  /@types/node-fetch@2.5.12:
    resolution: {integrity: sha512-MKgC4dlq4kKNa/mYrwpKfzQMB5X3ee5U6fSprkKpToBqBmX4nFZL9cW5jl6sWn+xpRJ7ypWh2yyqqr8UUCstSw==}
    dependencies:
      '@types/node': 16.10.2
      form-data: 3.0.1
    dev: true

  /@types/node@16.10.2:
    resolution: {integrity: sha512-zCclL4/rx+W5SQTzFs9wyvvyCwoK9QtBpratqz2IYJ3O8Umrn0m3nsTv0wQBk9sRGpvUe9CwPDrQFB10f1FIjQ==}
    dev: true

  /@types/tar@4.0.5:
    resolution: {integrity: sha512-cgwPhNEabHaZcYIy5xeMtux2EmYBitfqEceBUi2t5+ETy4dW6kswt6WX4+HqLeiiKOo42EXbGiDmVJ2x+vi37Q==}
    dependencies:
      '@types/minipass': 3.3.5
      '@types/node': 16.10.2
    dev: true

  /asynckit@0.4.0:
    resolution: {integrity: sha512-Oei9OH4tRh0YqU3GxhX79dM/mwVgvbZJaSNaRk+bshkj0S5cfHcgYakreBjrHwatXKbz+IoIdYLxrKim2MjW0Q==}
    dev: true

  /chownr@2.0.0:
    resolution: {integrity: sha512-bIomtDF5KGpdogkLd9VspvFzk9KfpyyGlS8YFVZl7TGPBHL5snIOnxeshwVgPteQ9b4Eydl+pVbIyE1DcvCWgQ==}
    engines: {node: '>=10'}
    dev: false

  /combined-stream@1.0.8:
    resolution: {integrity: sha512-FQN4MRfuJeHf7cBbBMJFXhKSDq+2kAArBlmRBvcvFE5BB1HZKXtSFASDhdlz9zOYwxh8lDdnvmMOe/+5cdoEdg==}
    engines: {node: '>= 0.8'}
    dependencies:
      delayed-stream: 1.0.0
    dev: true

  /delayed-stream@1.0.0:
    resolution: {integrity: sha512-ZySD7Nf91aLB0RxL4KGrKHBXl7Eds1DAmEdcoVawXnLD7SDhpNgtuII2aAkg7a7QS41jxPSZ17p4VdGnMHk3MQ==}
    engines: {node: '>=0.4.0'}
    dev: true

  /form-data@3.0.1:
    resolution: {integrity: sha512-RHkBKtLWUVwd7SqRIvCZMEvAMoGUp0XU+seQiZejj0COz3RI3hWP4sCv3gZWWLjJTd7rGwcsF5eKZGii0r/hbg==}
    engines: {node: '>= 6'}
    dependencies:
      asynckit: 0.4.0
      combined-stream: 1.0.8
      mime-types: 2.1.35
    dev: true

  /fs-minipass@2.1.0:
    resolution: {integrity: sha512-V/JgOLFCS+R6Vcq0slCuaeWEdNC3ouDlJMNIsacH2VtALiu9mV4LPrHc5cDl8k5aw6J8jwgWWpiTo5RYhmIzvg==}
    engines: {node: '>= 8'}
    dependencies:
      minipass: 3.3.6
    dev: false

  /mime-db@1.52.0:
    resolution: {integrity: sha512-sPU4uV7dYlvtWJxwwxHD0PuihVNiE7TyAbQ5SWxDCB9mUYvOgroQOwYQQOKPJ8CIbE+1ETVlOoK1UC2nU3gYvg==}
    engines: {node: '>= 0.6'}
    dev: true

  /mime-types@2.1.35:
    resolution: {integrity: sha512-ZDY+bPm5zTTF+YpCrAU9nK0UgICYPT0QtT1NZWFv4s++TNkcgVaT0g6+4R2uI4MjQjzysHB1zxuWL50hzaeXiw==}
    engines: {node: '>= 0.6'}
    dependencies:
      mime-db: 1.52.0
    dev: true

  /minipass@3.3.6:
    resolution: {integrity: sha512-DxiNidxSEK+tHG6zOIklvNOwm3hvCrbUrdtzY74U6HKTJxvIDfOUL5W5P2Ghd3DTkhhKPYGqeNUIh5qcM4YBfw==}
    engines: {node: '>=8'}
    dependencies:
      yallist: 4.0.0
    dev: false

  /minipass@7.0.2:
    resolution: {integrity: sha512-eL79dXrE1q9dBbDCLg7xfn/vl7MS4F1gvJAgjJrQli/jbQWdUttuVawphqpffoIYfRdq78LHx6GP4bU/EQ2ATA==}
    engines: {node: '>=16 || 14 >=14.17'}
    dev: true

  /minizlib@2.1.2:
    resolution: {integrity: sha512-bAxsR8BVfj60DWXHE3u30oHzfl4G7khkSuPW+qvpd7jFRHm7dLxOjUk1EHACJ/hxLY8phGJ0YhYHZo7jil7Qdg==}
    engines: {node: '>= 8'}
    dependencies:
      minipass: 3.3.6
      yallist: 4.0.0
    dev: false

  /mkdirp@1.0.4:
    resolution: {integrity: sha512-vVqVZQyf3WLx2Shd0qJ9xuvqgAyKPLAiqITEtqW0oIUjzo3PePDd6fW9iFz30ef7Ysp/oiWqbhszeGWW2T6Gzw==}
    engines: {node: '>=10'}
    hasBin: true
    dev: false

  /node-fetch@2.6.5:
    resolution: {integrity: sha512-mmlIVHJEu5rnIxgEgez6b9GgWXbkZj5YZ7fx+2r94a2E+Uirsp6HsPTPlomfdHtpt/B0cdKviwkoaM6pyvUOpQ==}
    engines: {node: 4.x || >=6.0.0}
    dependencies:
      whatwg-url: 5.0.0
    dev: false

  /tar@6.1.11:
    resolution: {integrity: sha512-an/KZQzQUkZCkuoAA64hM92X0Urb6VpRhAFllDzz44U2mcD5scmT3zBc4VgVpkugF580+DQn8eAFSyoQt0tznA==}
    engines: {node: '>= 10'}
    dependencies:
      chownr: 2.0.0
      fs-minipass: 2.1.0
      minipass: 3.3.6
      minizlib: 2.1.2
      mkdirp: 1.0.4
      yallist: 4.0.0
    dev: false

  /tr46@0.0.3:
    resolution: {integrity: sha512-N3WMsuqV66lT30CrXNbEjx4GEwlow3v6rr4mCcv6prnfwhS01rkgyFdjPNBYd9br7LpXV1+Emh01fHnq2Gdgrw==}
    dev: false

  /tslib@2.3.1:
    resolution: {integrity: sha512-77EbyPPpMz+FRFRuAFlWMtmgUWGe9UOG2Z25NqCwiIjRhOf5iKGuzSe5P2w1laq+FkRy4p+PCuVkJSGkzTEKVw==}
    dev: false

  /webidl-conversions@3.0.1:
    resolution: {integrity: sha512-2JAn3z8AR6rjK8Sm8orRC0h/bcl/DqL7tRPdGZ4I1CjdF+EaMLmYxBHyXuKL849eucPFhvBoxMsflfOb8kxaeQ==}
    dev: false

  /whatwg-url@5.0.0:
    resolution: {integrity: sha512-saE57nupxk6v3HY35+jzBwYa0rKSy0XR8JSxZPwgLr7ys0IBzhGviA1/TUGJLmSVqs8pb9AnvICXEuOHLprYTw==}
    dependencies:
      tr46: 0.0.3
      webidl-conversions: 3.0.1
    dev: false

  /yallist@4.0.0:
    resolution: {integrity: sha512-3wdGidZyq5PB084XLES5TpOSRA3wjXAlIWMhum2kRcv/41Sn2emQ0dycQW4uZXLejwKvg6EsvbdlVL+FYEct7A==}
    dev: false
